{
  "name": "fieldraven-spz-tools",
  "version": "1.0.0",
  "lockfileVersion": 3,
  "requires": true,
  "packages": {
    "": {
      "name": "fieldraven-spz-tools",
      "version": "1.0.0",
      "dependencies": {
        "@sparkjsdev/spark": "^2.1.0"
      }
    },
    "node_modules/@sparkjsdev/spark": {
      "version": "2.1.0",
      "resolved": "https://registry.npmjs.org/@sparkjsdev/spark/-/spark-2.1.0.tgz",
      "integrity": "sha512-BRw+MuMzx0B3K8fDLQygt2OHEhYUV+41RX7btq9pZ3rCVrq42o57jW34VAIvC7JO/84DJh/1AutACV9ym6BfVg==",
      "license": "MIT",
      "dependencies": {
        "fflate": "^0.8.2"
      },
      "peerDependencies": {
        "three": ">=0.180.0"
      }
    },
    "node_modules/fflate": {
      "version": "0.8.3",
      "resolved": "https://registry.npmjs.org/fflate/-/fflate-0.8.3.tgz",
      "integrity": "sha512-tbZNuJrLwGUp3zshBtdy4W+ORxZuIh8a5ilyIEQDC5rY1f3U20JMry0Ll3WBzU58EZKsEuJFXhb5gwv8CsPvgA==",
      "license": "MIT"
    },
    "node_modules/three": {
      "version": "0.184.0",
      "resolved": "https://registry.npmjs.org/three/-/three-0.184.0.tgz",
      "integrity": "sha512-wtTRjG92pM5eUg/KuUnHsqSAlPM296brTOcLgMRqEeylYTh/CdtvKUvCyyCQTzFuStieWxvZb8mVTMvdPyUpxg==",
      "license": "MIT",
      "peer": true
    }
  }
}
